// !$*UTF8*$!
{
	archiveVersion = 1;
	classes = {
	};
	objectVersion = 46;
	objects = {

/* Begin PBXBuildFile section */
		2B0017F0161E840C0087BB25 /* UIKit.framework in Frameworks */ = {isa = PBXBuildFile; fileRef = 2B0017EF161E840C0087BB25 /* UIKit.framework */; };
		2B0017F2161E840C0087BB25 /* Foundation.framework in Frameworks */ = {isa = PBXBuildFile; fileRef = 2B0017F1161E840C0087BB25 /* Foundation.framework */; };
		2B0017F4161E840C0087BB25 /* CoreGraphics.framework in Frameworks */ = {isa = PBXBuildFile; fileRef = 2B0017F3161E840C0087BB25 /* CoreGraphics.framework */; };
		2B0017FA161E840C0087BB25 /* InfoPlist.strings in Resources */ = {isa = PBXBuildFile; fileRef = 2B0017F8161E840C0087BB25 /* InfoPlist.strings */; };
		2B0017FC161E840C0087BB25 /* main.m in Sources */ = {isa = PBXBuildFile; fileRef = 2B0017FB161E840C0087BB25 /* main.m */; };
		2B001800161E840C0087BB25 /* AppDelegate.m in Sources */ = {isa = PBXBuildFile; fileRef = 2B0017FF161E840C0087BB25 /* AppDelegate.m */; };
		2B001802161E840C0087BB25 /* Default.png in Resources */ = {isa = PBXBuildFile; fileRef = 2B001801161E840C0087BB25 /* Default.png */; };
		2B001804161E840C0087BB25 /* Default@2x.png in Resources */ = {isa = PBXBuildFile; fileRef = 2B001803161E840C0087BB25 /* Default@2x.png */; };
		2B001806161E840C0087BB25 /* Default-568h@2x.png in Resources */ = {isa = PBXBuildFile; fileRef = 2B001805161E840C0087BB25 /* Default-568h@2x.png */; };
		2B001809161E840C0087BB25 /* ViewController.m in Sources */ = {isa = PBXBuildFile; fileRef = 2B001808161E840C0087BB25 /* ViewController.m */; };
		2B00180C161E840C0087BB25 /* ViewController.xib in Resources */ = {isa = PBXBuildFile; fileRef = 2B00180A161E840C0087BB25 /* ViewController.xib */; };
		2B001818161E84240087BB25 /* UIKit.framework in Frameworks */ = {isa = PBXBuildFile; fileRef = 2B0017EF161E840C0087BB25 /* UIKit.framework */; };
		2B001819161E84240087BB25 /* Foundation.framework in Frameworks */ = {isa = PBXBuildFile; fileRef = 2B0017F1161E840C0087BB25 /* Foundation.framework */; };
		2B00181A161E84240087BB25 /* CoreGraphics.framework in Frameworks */ = {isa = PBXBuildFile; fileRef = 2B0017F3161E840C0087BB25 /* CoreGraphics.framework */; };
		2B001820161E84240087BB25 /* InfoPlist.strings in Resources */ = {isa = PBXBuildFile; fileRef = 2B00181E161E84240087BB25 /* InfoPlist.strings */; };
		2B001822161E84240087BB25 /* main.m in Sources */ = {isa = PBXBuildFile; fileRef = 2B001821161E84240087BB25 /* main.m */; };
		2B001828161E84240087BB25 /* Default.png in Resources */ = {isa = PBXBuildFile; fileRef = 2B001827161E84240087BB25 /* Default.png */; };
		2B00182A161E84240087BB25 /* Default@2x.png in Resources */ = {isa = PBXBuildFile; fileRef = 2B001829161E84240087BB25 /* Default@2x.png */; };
		2B00182C161E84240087BB25 /* Default-568h@2x.png in Resources */ = {isa = PBXBuildFile; fileRef = 2B00182B161E84240087BB25 /* Default-568h@2x.png */; };
		2B001839161E84900087BB25 /* GHUnitIOS.framework in Frameworks */ = {isa = PBXBuildFile; fileRef = 2B001838161E84900087BB25 /* GHUnitIOS.framework */; };
		2B00183C161E91CA0087BB25 /* Message.m in Sources */ = {isa = PBXBuildFile; fileRef = 2B00183B161E91CA0087BB25 /* Message.m */; };
		2B00183F161E922E0087BB25 /* MessageTestCase.m in Sources */ = {isa = PBXBuildFile; fileRef = 2B00183E161E922E0087BB25 /* MessageTestCase.m */; };
		2B08F5F3161E99AF0066AA15 /* Message.m in Sources */ = {isa = PBXBuildFile; fileRef = 2B00183B161E91CA0087BB25 /* Message.m */; };
		2B08F5F8161E99E60066AA15 /* Room.m in Sources */ = {isa = PBXBuildFile; fileRef = 2B08F5F7161E99E60066AA15 /* Room.m */; };
		2B08F5F9161E99E60066AA15 /* Room.m in Sources */ = {isa = PBXBuildFile; fileRef = 2B08F5F7161E99E60066AA15 /* Room.m */; };
		2B08F5FD161E9BFA0066AA15 /* RoomTestCase.m in Sources */ = {isa = PBXBuildFile; fileRef = 2B08F5FB161E9BFA0066AA15 /* RoomTestCase.m */; };
		2B08F60D161EA2530066AA15 /* ViewTestCase.m in Sources */ = {isa = PBXBuildFile; fileRef = 2B08F60C161EA2530066AA15 /* ViewTestCase.m */; };
		2B08F60E161EA2C20066AA15 /* ViewController.m in Sources */ = {isa = PBXBuildFile; fileRef = 2B001808161E840C0087BB25 /* ViewController.m */; };
		2B08F617161EA7D50066AA15 /* SelectRoomViewController.m in Sources */ = {isa = PBXBuildFile; fileRef = 2B08F615161EA7D50066AA15 /* SelectRoomViewController.m */; };
		2B08F618161EA7D50066AA15 /* SelectRoomViewController.m in Sources */ = {isa = PBXBuildFile; fileRef = 2B08F615161EA7D50066AA15 /* SelectRoomViewController.m */; };
		2B08F619161EA7D50066AA15 /* SelectRoomViewController.xib in Resources */ = {isa = PBXBuildFile; fileRef = 2B08F616161EA7D50066AA15 /* SelectRoomViewController.xib */; };
		2B08F61A161EA7D50066AA15 /* SelectRoomViewController.xib in Resources */ = {isa = PBXBuildFile; fileRef = 2B08F616161EA7D50066AA15 /* SelectRoomViewController.xib */; };
		2B08F61E161EAED70066AA15 /* MessageViewController.m in Sources */ = {isa = PBXBuildFile; fileRef = 2B08F61C161EAED50066AA15 /* MessageViewController.m */; };
		2B08F61F161EAED70066AA15 /* MessageViewController.m in Sources */ = {isa = PBXBuildFile; fileRef = 2B08F61C161EAED50066AA15 /* MessageViewController.m */; };
		2B08F620161EAED70066AA15 /* MessageViewController.xib in Resources */ = {isa = PBXBuildFile; fileRef = 2B08F61D161EAED50066AA15 /* MessageViewController.xib */; };
		2B08F621161EAED70066AA15 /* MessageViewController.xib in Resources */ = {isa = PBXBuildFile; fileRef = 2B08F61D161EAED50066AA15 /* MessageViewController.xib */; };
		2B08F624161EB2EC0066AA15 /* SelectRoomViewTestCase.m in Sources */ = {isa = PBXBuildFile; fileRef = 2B08F623161EB2EC0066AA15 /* SelectRoomViewTestCase.m */; };
		2B08F627161EB3760066AA15 /* MessageViewTestCase.m in Sources */ = {isa = PBXBuildFile; fileRef = 2B08F626161EB3760066AA15 /* MessageViewTestCase.m */; };
		2B08F628161EB4FA0066AA15 /* ViewController.xib in Resources */ = {isa = PBXBuildFile; fileRef = 2B00180A161E840C0087BB25 /* ViewController.xib */; };
		2B08F638161EB7B10066AA15 /* Message.m in Sources */ = {isa = PBXBuildFile; fileRef = 2B00183B161E91CA0087BB25 /* Message.m */; };
		2B08F639161EB7B10066AA15 /* main.m in Sources */ = {isa = PBXBuildFile; fileRef = 2B0017FB161E840C0087BB25 /* main.m */; };
		2B08F63A161EB7B10066AA15 /* AppDelegate.m in Sources */ = {isa = PBXBuildFile; fileRef = 2B0017FF161E840C0087BB25 /* AppDelegate.m */; };
		2B08F63B161EB7B10066AA15 /* ViewController.m in Sources */ = {isa = PBXBuildFile; fileRef = 2B001808161E840C0087BB25 /* ViewController.m */; };
		2B08F63C161EB7B10066AA15 /* Room.m in Sources */ = {isa = PBXBuildFile; fileRef = 2B08F5F7161E99E60066AA15 /* Room.m */; };
		2B08F63D161EB7B10066AA15 /* SelectRoomViewController.m in Sources */ = {isa = PBXBuildFile; fileRef = 2B08F615161EA7D50066AA15 /* SelectRoomViewController.m */; };
		2B08F63E161EB7B10066AA15 /* MessageViewController.m in Sources */ = {isa = PBXBuildFile; fileRef = 2B08F61C161EAED50066AA15 /* MessageViewController.m */; };
		2B08F640161EB7B10066AA15 /* UIKit.framework in Frameworks */ = {isa = PBXBuildFile; fileRef = 2B0017EF161E840C0087BB25 /* UIKit.framework */; };
		2B08F641161EB7B10066AA15 /* Foundation.framework in Frameworks */ = {isa = PBXBuildFile; fileRef = 2B0017F1161E840C0087BB25 /* Foundation.framework */; };
		2B08F642161EB7B10066AA15 /* CoreGraphics.framework in Frameworks */ = {isa = PBXBuildFile; fileRef = 2B0017F3161E840C0087BB25 /* CoreGraphics.framework */; };
		2B08F644161EB7B10066AA15 /* InfoPlist.strings in Resources */ = {isa = PBXBuildFile; fileRef = 2B0017F8161E840C0087BB25 /* InfoPlist.strings */; };
		2B08F645161EB7B10066AA15 /* Default.png in Resources */ = {isa = PBXBuildFile; fileRef = 2B001801161E840C0087BB25 /* Default.png */; };
		2B08F646161EB7B10066AA15 /* Default@2x.png in Resources */ = {isa = PBXBuildFile; fileRef = 2B001803161E840C0087BB25 /* Default@2x.png */; };
		2B08F647161EB7B10066AA15 /* Default-568h@2x.png in Resources */ = {isa = PBXBuildFile; fileRef = 2B001805161E840C0087BB25 /* Default-568h@2x.png */; };
		2B08F648161EB7B10066AA15 /* ViewController.xib in Resources */ = {isa = PBXBuildFile; fileRef = 2B00180A161E840C0087BB25 /* ViewController.xib */; };
		2B08F649161EB7B10066AA15 /* SelectRoomViewController.xib in Resources */ = {isa = PBXBuildFile; fileRef = 2B08F616161EA7D50066AA15 /* SelectRoomViewController.xib */; };
		2B08F64A161EB7B10066AA15 /* MessageViewController.xib in Resources */ = {isa = PBXBuildFile; fileRef = 2B08F61D161EAED50066AA15 /* MessageViewController.xib */; };
		2B08F653161EB82A0066AA15 /* libKIF.a in Frameworks */ = {isa = PBXBuildFile; fileRef = 2B08F652161EB82A0066AA15 /* libKIF.a */; };
		2B08F65C161EB9AE0066AA15 /* ScenarioTestController.m in Sources */ = {isa = PBXBuildFile; fileRef = 2B08F65B161EB9AE0066AA15 /* ScenarioTestController.m */; };
		2B08F65F161EB9EC0066AA15 /* KIFTestStep+EXAdditions.m in Sources */ = {isa = PBXBuildFile; fileRef = 2B08F65E161EB9EC0066AA15 /* KIFTestStep+EXAdditions.m */; };
		2B08F662161EB9FC0066AA15 /* KIFTestScenario+EXAdditions.m in Sources */ = {isa = PBXBuildFile; fileRef = 2B08F661161EB9FC0066AA15 /* KIFTestScenario+EXAdditions.m */; };
/* End PBXBuildFile section */

/* Begin PBXFileReference section */
		2B0017EB161E840C0087BB25 /* Chat.app */ = {isa = PBXFileReference; explicitFileType = wrapper.application; includeInIndex = 0; path = Chat.app; sourceTree = BUILT_PRODUCTS_DIR; };
		2B0017EF161E840C0087BB25 /* UIKit.framework */ = {isa = PBXFileReference; lastKnownFileType = wrapper.framework; name = UIKit.framework; path = System/Library/Frameworks/UIKit.framework; sourceTree = SDKROOT; };
		2B0017F1161E840C0087BB25 /* Foundation.framework */ = {isa = PBXFileReference; lastKnownFileType = wrapper.framework; name = Foundation.framework; path = System/Library/Frameworks/Foundation.framework; sourceTree = SDKROOT; };
		2B0017F3161E840C0087BB25 /* CoreGraphics.framework */ = {isa = PBXFileReference; lastKnownFileType = wrapper.framework; name = CoreGraphics.framework; path = System/Library/Frameworks/CoreGraphics.framework; sourceTree = SDKROOT; };
		2B0017F7161E840C0087BB25 /* Chat-Info.plist */ = {isa = PBXFileReference; lastKnownFileType = text.plist.xml; path = "Chat-Info.plist"; sourceTree = "<group>"; };
		2B0017F9161E840C0087BB25 /* en */ = {isa = PBXFileReference; lastKnownFileType = text.plist.strings; name = en; path = en.lproj/InfoPlist.strings; sourceTree = "<group>"; };
		2B0017FB161E840C0087BB25 /* main.m */ = {isa = PBXFileReference; lastKnownFileType = sourcecode.c.objc; path = main.m; sourceTree = "<group>"; };
		2B0017FD161E840C0087BB25 /* Chat-Prefix.pch */ = {isa = PBXFileReference; lastKnownFileType = sourcecode.c.h; path = "Chat-Prefix.pch"; sourceTree = "<group>"; };
		2B0017FE161E840C0087BB25 /* AppDelegate.h */ = {isa = PBXFileReference; lastKnownFileType = sourcecode.c.h; path = AppDelegate.h; sourceTree = "<group>"; };
		2B0017FF161E840C0087BB25 /* AppDelegate.m */ = {isa = PBXFileReference; lastKnownFileType = sourcecode.c.objc; path = AppDelegate.m; sourceTree = "<group>"; };
		2B001801161E840C0087BB25 /* Default.png */ = {isa = PBXFileReference; lastKnownFileType = image.png; path = Default.png; sourceTree = "<group>"; };
		2B001803161E840C0087BB25 /* Default@2x.png */ = {isa = PBXFileReference; lastKnownFileType = image.png; path = "Default@2x.png"; sourceTree = "<group>"; };
		2B001805161E840C0087BB25 /* Default-568h@2x.png */ = {isa = PBXFileReference; lastKnownFileType = image.png; path = "Default-568h@2x.png"; sourceTree = "<group>"; };
		2B001807161E840C0087BB25 /* ViewController.h */ = {isa = PBXFileReference; lastKnownFileType = sourcecode.c.h; path = ViewController.h; sourceTree = "<group>"; };
		2B001808161E840C0087BB25 /* ViewController.m */ = {isa = PBXFileReference; lastKnownFileType = sourcecode.c.objc; path = ViewController.m; sourceTree = "<group>"; };
		2B00180B161E840C0087BB25 /* en */ = {isa = PBXFileReference; lastKnownFileType = file.xib; name = en; path = en.lproj/ViewController.xib; sourceTree = "<group>"; };
		2B001816161E84240087BB25 /* ChatGHTests.app */ = {isa = PBXFileReference; explicitFileType = wrapper.application; includeInIndex = 0; path = ChatGHTests.app; sourceTree = BUILT_PRODUCTS_DIR; };
		2B00181D161E84240087BB25 /* ChatGHTests-Info.plist */ = {isa = PBXFileReference; lastKnownFileType = text.plist.xml; path = "ChatGHTests-Info.plist"; sourceTree = "<group>"; };
		2B00181F161E84240087BB25 /* en */ = {isa = PBXFileReference; lastKnownFileType = text.plist.strings; name = en; path = en.lproj/InfoPlist.strings; sourceTree = "<group>"; };
		2B001821161E84240087BB25 /* main.m */ = {isa = PBXFileReference; lastKnownFileType = sourcecode.c.objc; path = main.m; sourceTree = "<group>"; };
		2B001823161E84240087BB25 /* ChatGHTests-Prefix.pch */ = {isa = PBXFileReference; lastKnownFileType = sourcecode.c.h; path = "ChatGHTests-Prefix.pch"; sourceTree = "<group>"; };
		2B001827161E84240087BB25 /* Default.png */ = {isa = PBXFileReference; lastKnownFileType = image.png; path = Default.png; sourceTree = "<group>"; };
		2B001829161E84240087BB25 /* Default@2x.png */ = {isa = PBXFileReference; lastKnownFileType = image.png; path = "Default@2x.png"; sourceTree = "<group>"; };
		2B00182B161E84240087BB25 /* Default-568h@2x.png */ = {isa = PBXFileReference; lastKnownFileType = image.png; path = "Default-568h@2x.png"; sourceTree = "<group>"; };
		2B001838161E84900087BB25 /* GHUnitIOS.framework */ = {isa = PBXFileReference; lastKnownFileType = wrapper.framework; path = GHUnitIOS.framework; sourceTree = "<group>"; };
		2B00183A161E91CA0087BB25 /* Message.h */ = {isa = PBXFileReference; fileEncoding = 4; lastKnownFileType = sourcecode.c.h; name = Message.h; path = ChatGHTests/Message.h; sourceTree = SOURCE_ROOT; };
		2B00183B161E91CA0087BB25 /* Message.m */ = {isa = PBXFileReference; fileEncoding = 4; lastKnownFileType = sourcecode.c.objc; name = Message.m; path = ChatGHTests/Message.m; sourceTree = SOURCE_ROOT; };
		2B00183E161E922E0087BB25 /* MessageTestCase.m */ = {isa = PBXFileReference; fileEncoding = 4; lastKnownFileType = sourcecode.c.objc; path = MessageTestCase.m; sourceTree = "<group>"; };
		2B08F5F6161E99E60066AA15 /* Room.h */ = {isa = PBXFileReference; fileEncoding = 4; lastKnownFileType = sourcecode.c.h; path = Room.h; sourceTree = "<group>"; };
		2B08F5F7161E99E60066AA15 /* Room.m */ = {isa = PBXFileReference; fileEncoding = 4; lastKnownFileType = sourcecode.c.objc; path = Room.m; sourceTree = "<group>"; };
		2B08F5FB161E9BFA0066AA15 /* RoomTestCase.m */ = {isa = PBXFileReference; fileEncoding = 4; lastKnownFileType = sourcecode.c.objc; path = RoomTestCase.m; sourceTree = "<group>"; };
		2B08F60C161EA2530066AA15 /* ViewTestCase.m */ = {isa = PBXFileReference; fileEncoding = 4; lastKnownFileType = sourcecode.c.objc; path = ViewTestCase.m; sourceTree = "<group>"; };
		2B08F614161EA7D50066AA15 /* SelectRoomViewController.h */ = {isa = PBXFileReference; fileEncoding = 4; lastKnownFileType = sourcecode.c.h; path = SelectRoomViewController.h; sourceTree = "<group>"; };
		2B08F615161EA7D50066AA15 /* SelectRoomViewController.m */ = {isa = PBXFileReference; fileEncoding = 4; lastKnownFileType = sourcecode.c.objc; path = SelectRoomViewController.m; sourceTree = "<group>"; };
		2B08F616161EA7D50066AA15 /* SelectRoomViewController.xib */ = {isa = PBXFileReference; fileEncoding = 4; lastKnownFileType = file.xib; path = SelectRoomViewController.xib; sourceTree = "<group>"; };
		2B08F61B161EAED40066AA15 /* MessageViewController.h */ = {isa = PBXFileReference; fileEncoding = 4; lastKnownFileType = sourcecode.c.h; path = MessageViewController.h; sourceTree = "<group>"; };
		2B08F61C161EAED50066AA15 /* MessageViewController.m */ = {isa = PBXFileReference; fileEncoding = 4; lastKnownFileType = sourcecode.c.objc; path = MessageViewController.m; sourceTree = "<group>"; };
		2B08F61D161EAED50066AA15 /* MessageViewController.xib */ = {isa = PBXFileReference; fileEncoding = 4; lastKnownFileType = file.xib; path = MessageViewController.xib; sourceTree = "<group>"; };
		2B08F623161EB2EC0066AA15 /* SelectRoomViewTestCase.m */ = {isa = PBXFileReference; fileEncoding = 4; lastKnownFileType = sourcecode.c.objc; path = SelectRoomViewTestCase.m; sourceTree = "<group>"; };
		2B08F626161EB3760066AA15 /* MessageViewTestCase.m */ = {isa = PBXFileReference; fileEncoding = 4; lastKnownFileType = sourcecode.c.objc; path = MessageViewTestCase.m; sourceTree = "<group>"; };
		2B08F64E161EB7B10066AA15 /* Chat IntegrationTests.app */ = {isa = PBXFileReference; explicitFileType = wrapper.application; includeInIndex = 0; path = "Chat IntegrationTests.app"; sourceTree = BUILT_PRODUCTS_DIR; };
		2B08F650161EB7B10066AA15 /* Chat copy-Info.plist */ = {isa = PBXFileReference; lastKnownFileType = text.plist.xml; name = "Chat copy-Info.plist"; path = "/Users/jarinosuke/Desktop/Chat/Chat copy-Info.plist"; sourceTree = "<absolute>"; };
		2B08F652161EB82A0066AA15 /* libKIF.a */ = {isa = PBXFileReference; lastKnownFileType = file; name = libKIF.a; path = "../git/KIF/build/Release-iphoneos/libKIF.a"; sourceTree = "<group>"; };
		2B08F65A161EB9AE0066AA15 /* ScenarioTestController.h */ = {isa = PBXFileReference; fileEncoding = 4; lastKnownFileType = sourcecode.c.h; path = ScenarioTestController.h; sourceTree = "<group>"; };
		2B08F65B161EB9AE0066AA15 /* ScenarioTestController.m */ = {isa = PBXFileReference; fileEncoding = 4; lastKnownFileType = sourcecode.c.objc; path = ScenarioTestController.m; sourceTree = "<group>"; };
		2B08F65D161EB9EC0066AA15 /* KIFTestStep+EXAdditions.h */ = {isa = PBXFileReference; fileEncoding = 4; lastKnownFileType = sourcecode.c.h; path = "KIFTestStep+EXAdditions.h"; sourceTree = "<group>"; };
		2B08F65E161EB9EC0066AA15 /* KIFTestStep+EXAdditions.m */ = {isa = PBXFileReference; fileEncoding = 4; lastKnownFileType = sourcecode.c.objc; path = "KIFTestStep+EXAdditions.m"; sourceTree = "<group>"; };
		2B08F660161EB9FC0066AA15 /* KIFTestScenario+EXAdditions.h */ = {isa = PBXFileReference; fileEncoding = 4; lastKnownFileType = sourcecode.c.h; path = "KIFTestScenario+EXAdditions.h"; sourceTree = "<group>"; };
		2B08F661161EB9FC0066AA15 /* KIFTestScenario+EXAdditions.m */ = {isa = PBXFileReference; fileEncoding = 4; lastKnownFileType = sourcecode.c.objc; path = "KIFTestScenario+EXAdditions.m"; sourceTree = "<group>"; };
/* End PBXFileReference section */

/* Begin PBXFrameworksBuildPhase section */
		2B0017E8161E840C0087BB25 /* Frameworks */ = {
			isa = PBXFrameworksBuildPhase;
			buildActionMask = 2147483647;
			files = (
				2B0017F0161E840C0087BB25 /* UIKit.framework in Frameworks */,
				2B0017F2161E840C0087BB25 /* Foundation.framework in Frameworks */,
				2B0017F4161E840C0087BB25 /* CoreGraphics.framework in Frameworks */,
			);
			runOnlyForDeploymentPostprocessing = 0;
		};
		2B001813161E84240087BB25 /* Frameworks */ = {
			isa = PBXFrameworksBuildPhase;
			buildActionMask = 2147483647;
			files = (
				2B001818161E84240087BB25 /* UIKit.framework in Frameworks */,
				2B001819161E84240087BB25 /* Foundation.framework in Frameworks */,
				2B00181A161E84240087BB25 /* CoreGraphics.framework in Frameworks */,
				2B001839161E84900087BB25 /* GHUnitIOS.framework in Frameworks */,
			);
			runOnlyForDeploymentPostprocessing = 0;
		};
		2B08F63F161EB7B10066AA15 /* Frameworks */ = {
			isa = PBXFrameworksBuildPhase;
			buildActionMask = 2147483647;
			files = (
				2B08F653161EB82A0066AA15 /* libKIF.a in Frameworks */,
				2B08F640161EB7B10066AA15 /* UIKit.framework in Frameworks */,
				2B08F641161EB7B10066AA15 /* Foundation.framework in Frameworks */,
				2B08F642161EB7B10066AA15 /* CoreGraphics.framework in Frameworks */,
			);
			runOnlyForDeploymentPostprocessing = 0;
		};
/* End PBXFrameworksBuildPhase section */

/* Begin PBXGroup section */
		2B0017E0161E840C0087BB25 = {
			isa = PBXGroup;
			children = (
				2B08F654161EB93F0066AA15 /* IntegrationTests */,
				2B0017F5161E840C0087BB25 /* Chat */,
				2B00181B161E84240087BB25 /* ChatGHTests */,
				2B0017EE161E840C0087BB25 /* Frameworks */,
				2B0017EC161E840C0087BB25 /* Products */,
				2B08F650161EB7B10066AA15 /* Chat copy-Info.plist */,
			);
			sourceTree = "<group>";
		};
		2B0017EC161E840C0087BB25 /* Products */ = {
			isa = PBXGroup;
			children = (
				2B0017EB161E840C0087BB25 /* Chat.app */,
				2B001816161E84240087BB25 /* ChatGHTests.app */,
				2B08F64E161EB7B10066AA15 /* Chat IntegrationTests.app */,
			);
			name = Products;
			sourceTree = "<group>";
		};
		2B0017EE161E840C0087BB25 /* Frameworks */ = {
			isa = PBXGroup;
			children = (
				2B001838161E84900087BB25 /* GHUnitIOS.framework */,
				2B0017EF161E840C0087BB25 /* UIKit.framework */,
				2B0017F1161E840C0087BB25 /* Foundation.framework */,
				2B0017F3161E840C0087BB25 /* CoreGraphics.framework */,
			);
			name = Frameworks;
			sourceTree = "<group>";
		};
		2B0017F5161E840C0087BB25 /* Chat */ = {
			isa = PBXGroup;
			children = (
				2B08F5F5161E99C60066AA15 /* Model */,
				2B0017FE161E840C0087BB25 /* AppDelegate.h */,
				2B0017FF161E840C0087BB25 /* AppDelegate.m */,
				2B001807161E840C0087BB25 /* ViewController.h */,
				2B001808161E840C0087BB25 /* ViewController.m */,
				2B00180A161E840C0087BB25 /* ViewController.xib */,
				2B08F614161EA7D50066AA15 /* SelectRoomViewController.h */,
				2B08F615161EA7D50066AA15 /* SelectRoomViewController.m */,
				2B08F616161EA7D50066AA15 /* SelectRoomViewController.xib */,
				2B08F61B161EAED40066AA15 /* MessageViewController.h */,
				2B08F61C161EAED50066AA15 /* MessageViewController.m */,
				2B08F61D161EAED50066AA15 /* MessageViewController.xib */,
				2B0017F6161E840C0087BB25 /* Supporting Files */,
			);
			path = Chat;
			sourceTree = "<group>";
		};
		2B0017F6161E840C0087BB25 /* Supporting Files */ = {
			isa = PBXGroup;
			children = (
				2B0017F7161E840C0087BB25 /* Chat-Info.plist */,
				2B0017F8161E840C0087BB25 /* InfoPlist.strings */,
				2B0017FB161E840C0087BB25 /* main.m */,
				2B0017FD161E840C0087BB25 /* Chat-Prefix.pch */,
				2B001801161E840C0087BB25 /* Default.png */,
				2B001803161E840C0087BB25 /* Default@2x.png */,
				2B001805161E840C0087BB25 /* Default-568h@2x.png */,
			);
			name = "Supporting Files";
			sourceTree = "<group>";
		};
		2B00181B161E84240087BB25 /* ChatGHTests */ = {
			isa = PBXGroup;
			children = (
				2B00183E161E922E0087BB25 /* MessageTestCase.m */,
				2B08F5FB161E9BFA0066AA15 /* RoomTestCase.m */,
				2B08F60C161EA2530066AA15 /* ViewTestCase.m */,
				2B08F623161EB2EC0066AA15 /* SelectRoomViewTestCase.m */,
				2B08F626161EB3760066AA15 /* MessageViewTestCase.m */,
				2B00181C161E84240087BB25 /* Supporting Files */,
			);
			path = ChatGHTests;
			sourceTree = "<group>";
		};
		2B00181C161E84240087BB25 /* Supporting Files */ = {
			isa = PBXGroup;
			children = (
				2B00181D161E84240087BB25 /* ChatGHTests-Info.plist */,
				2B00181E161E84240087BB25 /* InfoPlist.strings */,
				2B001821161E84240087BB25 /* main.m */,
				2B001823161E84240087BB25 /* ChatGHTests-Prefix.pch */,
				2B001827161E84240087BB25 /* Default.png */,
				2B001829161E84240087BB25 /* Default@2x.png */,
				2B00182B161E84240087BB25 /* Default-568h@2x.png */,
			);
			name = "Supporting Files";
			sourceTree = "<group>";
		};
		2B08F5F5161E99C60066AA15 /* Model */ = {
			isa = PBXGroup;
			children = (
				2B00183A161E91CA0087BB25 /* Message.h */,
				2B00183B161E91CA0087BB25 /* Message.m */,
				2B08F5F6161E99E60066AA15 /* Room.h */,
				2B08F5F7161E99E60066AA15 /* Room.m */,
			);
			name = Model;
			sourceTree = "<group>";
		};
		2B08F654161EB93F0066AA15 /* IntegrationTests */ = {
			isa = PBXGroup;
			children = (
				2B08F652161EB82A0066AA15 /* libKIF.a */,
				2B08F65A161EB9AE0066AA15 /* ScenarioTestController.h */,
				2B08F65B161EB9AE0066AA15 /* ScenarioTestController.m */,
				2B08F65D161EB9EC0066AA15 /* KIFTestStep+EXAdditions.h */,
				2B08F65E161EB9EC0066AA15 /* KIFTestStep+EXAdditions.m */,
				2B08F660161EB9FC0066AA15 /* KIFTestScenario+EXAdditions.h */,
				2B08F661161EB9FC0066AA15 /* KIFTestScenario+EXAdditions.m */,
			);
			name = IntegrationTests;
			sourceTree = "<group>";
		};
/* End PBXGroup section */

/* Begin PBXNativeTarget section */
		2B0017EA161E840C0087BB25 /* Chat */ = {
			isa = PBXNativeTarget;
			buildConfigurationList = 2B00180F161E840C0087BB25 /* Build configuration list for PBXNativeTarget "Chat" */;
			buildPhases = (
				2B0017E7161E840C0087BB25 /* Sources */,
				2B0017E8161E840C0087BB25 /* Frameworks */,
				2B0017E9161E840C0087BB25 /* Resources */,
			);
			buildRules = (
			);
			dependencies = (
			);
			name = Chat;
			productName = Chat;
			productReference = 2B0017EB161E840C0087BB25 /* Chat.app */;
			productType = "com.apple.product-type.application";
		};
		2B001815161E84240087BB25 /* Chat UnitTests */ = {
			isa = PBXNativeTarget;
			buildConfigurationList = 2B00182D161E84240087BB25 /* Build configuration list for PBXNativeTarget "Chat UnitTests" */;
			buildPhases = (
				2B001812161E84240087BB25 /* Sources */,
				2B001813161E84240087BB25 /* Frameworks */,
				2B001814161E84240087BB25 /* Resources */,
			);
			buildRules = (
			);
			dependencies = (
			);
			name = "Chat UnitTests";
			productName = ChatGHTests;
			productReference = 2B001816161E84240087BB25 /* ChatGHTests.app */;
			productType = "com.apple.product-type.application";
		};
		2B08F636161EB7B10066AA15 /* Chat IntegrationTests */ = {
			isa = PBXNativeTarget;
			buildConfigurationList = 2B08F64B161EB7B10066AA15 /* Build configuration list for PBXNativeTarget "Chat IntegrationTests" */;
			buildPhases = (
				2B08F637161EB7B10066AA15 /* Sources */,
				2B08F63F161EB7B10066AA15 /* Frameworks */,
				2B08F643161EB7B10066AA15 /* Resources */,
			);
			buildRules = (
			);
			dependencies = (
			);
			name = "Chat IntegrationTests";
			productName = Chat;
			productReference = 2B08F64E161EB7B10066AA15 /* Chat IntegrationTests.app */;
			productType = "com.apple.product-type.application";
		};
/* End PBXNativeTarget section */

/* Begin PBXProject section */
		2B0017E2161E840C0087BB25 /* Project object */ = {
			isa = PBXProject;
			attributes = {
				LastUpgradeCheck = 0450;
				ORGANIZATIONNAME = jarinosuke;
			};
			buildConfigurationList = 2B0017E5161E840C0087BB25 /* Build configuration list for PBXProject "Chat" */;
			compatibilityVersion = "Xcode 3.2";
			developmentRegion = English;
			hasScannedForEncodings = 0;
			knownRegions = (
				en,
			);
			mainGroup = 2B0017E0161E840C0087BB25;
			productRefGroup = 2B0017EC161E840C0087BB25 /* Products */;
			projectDirPath = "";
			projectRoot = "";
			targets = (
				2B0017EA161E840C0087BB25 /* Chat */,
				2B001815161E84240087BB25 /* Chat UnitTests */,
				2B08F636161EB7B10066AA15 /* Chat IntegrationTests */,
			);
		};
/* End PBXProject section */

/* Begin PBXResourcesBuildPhase section */
		2B0017E9161E840C0087BB25 /* Resources */ = {
			isa = PBXResourcesBuildPhase;
			buildActionMask = 2147483647;
			files = (
				2B0017FA161E840C0087BB25 /* InfoPlist.strings in Resources */,
				2B001802161E840C0087BB25 /* Default.png in Resources */,
				2B001804161E840C0087BB25 /* Default@2x.png in Resources */,
				2B001806161E840C0087BB25 /* Default-568h@2x.png in Resources */,
				2B00180C161E840C0087BB25 /* ViewController.xib in Resources */,
				2B08F619161EA7D50066AA15 /* SelectRoomViewController.xib in Resources */,
				2B08F620161EAED70066AA15 /* MessageViewController.xib in Resources */,
			);
			runOnlyForDeploymentPostprocessing = 0;
		};
		2B001814161E84240087BB25 /* Resources */ = {
			isa = PBXResourcesBuildPhase;
			buildActionMask = 2147483647;
			files = (
				2B08F628161EB4FA0066AA15 /* ViewController.xib in Resources */,
				2B001820161E84240087BB25 /* InfoPlist.strings in Resources */,
				2B001828161E84240087BB25 /* Default.png in Resources */,
				2B00182A161E84240087BB25 /* Default@2x.png in Resources */,
				2B00182C161E84240087BB25 /* Default-568h@2x.png in Resources */,
				2B08F61A161EA7D50066AA15 /* SelectRoomViewController.xib in Resources */,
				2B08F621161EAED70066AA15 /* MessageViewController.xib in Resources */,
			);
			runOnlyForDeploymentPostprocessing = 0;
		};
		2B08F643161EB7B10066AA15 /* Resources */ = {
			isa = PBXResourcesBuildPhase;
			buildActionMask = 2147483647;
			files = (
				2B08F644161EB7B10066AA15 /* InfoPlist.strings in Resources */,
				2B08F645161EB7B10066AA15 /* Default.png in Resources */,
				2B08F646161EB7B10066AA15 /* Default@2x.png in Resources */,
				2B08F647161EB7B10066AA15 /* Default-568h@2x.png in Resources */,
				2B08F648161EB7B10066AA15 /* ViewController.xib in Resources */,
				2B08F649161EB7B10066AA15 /* SelectRoomViewController.xib in Resources */,
				2B08F64A161EB7B10066AA15 /* MessageViewController.xib in Resources */,
			);
			runOnlyForDeploymentPostprocessing = 0;
		};
/* End PBXResourcesBuildPhase section */

/* Begin PBXSourcesBuildPhase section */
		2B0017E7161E840C0087BB25 /* Sources */ = {
			isa = PBXSourcesBuildPhase;
			buildActionMask = 2147483647;
			files = (
				2B08F5F3161E99AF0066AA15 /* Message.m in Sources */,
				2B0017FC161E840C0087BB25 /* main.m in Sources */,
				2B001800161E840C0087BB25 /* AppDelegate.m in Sources */,
				2B001809161E840C0087BB25 /* ViewController.m in Sources */,
				2B08F5F8161E99E60066AA15 /* Room.m in Sources */,
				2B08F617161EA7D50066AA15 /* SelectRoomViewController.m in Sources */,
				2B08F61E161EAED70066AA15 /* MessageViewController.m in Sources */,
			);
			runOnlyForDeploymentPostprocessing = 0;
		};
		2B001812161E84240087BB25 /* Sources */ = {
			isa = PBXSourcesBuildPhase;
			buildActionMask = 2147483647;
			files = (
				2B08F60E161EA2C20066AA15 /* ViewController.m in Sources */,
				2B001822161E84240087BB25 /* main.m in Sources */,
				2B00183C161E91CA0087BB25 /* Message.m in Sources */,
				2B00183F161E922E0087BB25 /* MessageTestCase.m in Sources */,
				2B08F5F9161E99E60066AA15 /* Room.m in Sources */,
				2B08F5FD161E9BFA0066AA15 /* RoomTestCase.m in Sources */,
				2B08F60D161EA2530066AA15 /* ViewTestCase.m in Sources */,
				2B08F618161EA7D50066AA15 /* SelectRoomViewController.m in Sources */,
				2B08F61F161EAED70066AA15 /* MessageViewController.m in Sources */,
				2B08F624161EB2EC0066AA15 /* SelectRoomViewTestCase.m in Sources */,
				2B08F627161EB3760066AA15 /* MessageViewTestCase.m in Sources */,
			);
			runOnlyForDeploymentPostprocessing = 0;
		};
		2B08F637161EB7B10066AA15 /* Sources */ = {
			isa = PBXSourcesBuildPhase;
			buildActionMask = 2147483647;
			files = (
				2B08F638161EB7B10066AA15 /* Message.m in Sources */,
				2B08F639161EB7B10066AA15 /* main.m in Sources */,
				2B08F63A161EB7B10066AA15 /* AppDelegate.m in Sources */,
				2B08F63B161EB7B10066AA15 /* ViewController.m in Sources */,
				2B08F63C161EB7B10066AA15 /* Room.m in Sources */,
				2B08F63D161EB7B10066AA15 /* SelectRoomViewController.m in Sources */,
				2B08F63E161EB7B10066AA15 /* MessageViewController.m in Sources */,
				2B08F65C161EB9AE0066AA15 /* ScenarioTestController.m in Sources */,
				2B08F65F161EB9EC0066AA15 /* KIFTestStep+EXAdditions.m in Sources */,
				2B08F662161EB9FC0066AA15 /* KIFTestScenario+EXAdditions.m in Sources */,
			);
			runOnlyForDeploymentPostprocessing = 0;
		};
/* End PBXSourcesBuildPhase section */

/* Begin PBXVariantGroup section */
		2B0017F8161E840C0087BB25 /* InfoPlist.strings */ = {
			isa = PBXVariantGroup;
			children = (
				2B0017F9161E840C0087BB25 /* en */,
			);
			name = InfoPlist.strings;
			sourceTree = "<group>";
		};
		2B00180A161E840C0087BB25 /* ViewController.xib */ = {
			isa = PBXVariantGroup;
			children = (
				2B00180B161E840C0087BB25 /* en */,
			);
			name = ViewController.xib;
			sourceTree = "<group>";
		};
		2B00181E161E84240087BB25 /* InfoPlist.strings */ = {
			isa = PBXVariantGroup;
			children = (
				2B00181F161E84240087BB25 /* en */,
			);
			name = InfoPlist.strings;
			sourceTree = "<group>";
		};
/* End PBXVariantGroup section */

/* Begin XCBuildConfiguration section */
		2B00180D161E840C0087BB25 /* Debug */ = {
			isa = XCBuildConfiguration;
			buildSettings = {
				ALWAYS_SEARCH_USER_PATHS = NO;
				CLANG_CXX_LANGUAGE_STANDARD = "gnu++0x";
				CLANG_CXX_LIBRARY = "libc++";
				CLANG_ENABLE_OBJC_ARC = YES;
				CLANG_WARN_EMPTY_BODY = YES;
				CLANG_WARN__DUPLICATE_METHOD_MATCH = YES;
				"CODE_SIGN_IDENTITY[sdk=iphoneos*]" = "iPhone Developer";
				COPY_PHASE_STRIP = NO;
				GCC_C_LANGUAGE_STANDARD = gnu99;
				GCC_DYNAMIC_NO_PIC = NO;
				GCC_OPTIMIZATION_LEVEL = 0;
				GCC_PREPROCESSOR_DEFINITIONS = (
					"DEBUG=1",
					"$(inherited)",
				);
				GCC_SYMBOLS_PRIVATE_EXTERN = NO;
				GCC_WARN_ABOUT_RETURN_TYPE = YES;
				GCC_WARN_UNINITIALIZED_AUTOS = YES;
				GCC_WARN_UNUSED_VARIABLE = YES;
				IPHONEOS_DEPLOYMENT_TARGET = 6.0;
				SDKROOT = iphoneos;
			};
			name = Debug;
		};
		2B00180E161E840C0087BB25 /* Release */ = {
			isa = XCBuildConfiguration;
			buildSettings = {
				ALWAYS_SEARCH_USER_PATHS = NO;
				CLANG_CXX_LANGUAGE_STANDARD = "gnu++0x";
				CLANG_CXX_LIBRARY = "libc++";
				CLANG_ENABLE_OBJC_ARC = YES;
				CLANG_WARN_EMPTY_BODY = YES;
				CLANG_WARN__DUPLICATE_METHOD_MATCH = YES;
				"CODE_SIGN_IDENTITY[sdk=iphoneos*]" = "iPhone Developer";
				COPY_PHASE_STRIP = YES;
				GCC_C_LANGUAGE_STANDARD = gnu99;
				GCC_WARN_ABOUT_RETURN_TYPE = YES;
				GCC_WARN_UNINITIALIZED_AUTOS = YES;
				GCC_WARN_UNUSED_VARIABLE = YES;
				IPHONEOS_DEPLOYMENT_TARGET = 6.0;
				OTHER_CFLAGS = "-DNS_BLOCK_ASSERTIONS=1";
				SDKROOT = iphoneos;
				VALIDATE_PRODUCT = YES;
			};
			name = Release;
		};
		2B001810161E840C0087BB25 /* Debug */ = {
			isa = XCBuildConfiguration;
			buildSettings = {
				FRAMEWORK_SEARCH_PATHS = (
					"$(inherited)",
					"\"$(SRCROOT)\"",
				);
				GCC_PRECOMPILE_PREFIX_HEADER = YES;
				GCC_PREFIX_HEADER = "Chat/Chat-Prefix.pch";
				INFOPLIST_FILE = "Chat/Chat-Info.plist";
				PRODUCT_NAME = "$(TARGET_NAME)";
				WRAPPER_EXTENSION = app;
			};
			name = Debug;
		};
		2B001811161E840C0087BB25 /* Release */ = {
			isa = XCBuildConfiguration;
			buildSettings = {
				FRAMEWORK_SEARCH_PATHS = (
					"$(inherited)",
					"\"$(SRCROOT)\"",
				);
				GCC_PRECOMPILE_PREFIX_HEADER = YES;
				GCC_PREFIX_HEADER = "Chat/Chat-Prefix.pch";
				INFOPLIST_FILE = "Chat/Chat-Info.plist";
				PRODUCT_NAME = "$(TARGET_NAME)";
				WRAPPER_EXTENSION = app;
			};
			name = Release;
		};
		2B00182E161E84240087BB25 /* Debug */ = {
			isa = XCBuildConfiguration;
			buildSettings = {
				"CODE_SIGN_IDENTITY[sdk=iphoneos*]" = "iPhone Developer";
				FRAMEWORK_SEARCH_PATHS = (
					"$(inherited)",
					"\"$(SRCROOT)\"",
				);
				GCC_PRECOMPILE_PREFIX_HEADER = YES;
				GCC_PREFIX_HEADER = "ChatGHTests/ChatGHTests-Prefix.pch";
				INFOPLIST_FILE = "ChatGHTests/ChatGHTests-Info.plist";
				OTHER_LDFLAGS = (
					"-ObjC",
					"-all_load",
				);
				PRODUCT_NAME = "$(TARGET_NAME)";
				WRAPPER_EXTENSION = app;
			};
			name = Debug;
		};
		2B00182F161E84240087BB25 /* Release */ = {
			isa = XCBuildConfiguration;
			buildSettings = {
				"CODE_SIGN_IDENTITY[sdk=iphoneos*]" = "iPhone Developer";
				FRAMEWORK_SEARCH_PATHS = (
					"$(inherited)",
					"\"$(SRCROOT)\"",
				);
				GCC_PRECOMPILE_PREFIX_HEADER = YES;
				GCC_PREFIX_HEADER = "ChatGHTests/ChatGHTests-Prefix.pch";
				INFOPLIST_FILE = "ChatGHTests/ChatGHTests-Info.plist";
				OTHER_LDFLAGS = (
					"-ObjC",
					"-all_load",
				);
				PRODUCT_NAME = "$(TARGET_NAME)";
				WRAPPER_EXTENSION = app;
			};
			name = Release;
		};
		2B08F64C161EB7B10066AA15 /* Debug */ = {
			isa = XCBuildConfiguration;
			buildSettings = {
				FRAMEWORK_SEARCH_PATHS = (
					"$(inherited)",
					"\"$(SRCROOT)\"",
				);
				GCC_PRECOMPILE_PREFIX_HEADER = YES;
				GCC_PREFIX_HEADER = "Chat/Chat-Prefix.pch";
				GCC_PREPROCESSOR_DEFINITIONS = (
					"$(inherited)",
					"RUN_KIF_TESTS=1",
				);
				HEADER_SEARCH_PATHS = (
					"$(SRCROOT)/Frameworks/KIF/**",
					"$(inherited)",
				);
				INFOPLIST_FILE = "Chat copy-Info.plist";
				OTHER_LDFLAGS = (
					"-all_load",
					"-ObjC",
					"$(inherited)",
				);
				PRODUCT_NAME = "Chat IntegrationTests";
				WRAPPER_EXTENSION = app;
			};
			name = Debug;
		};
		2B08F64D161EB7B10066AA15 /* Release */ = {
			isa = XCBuildConfiguration;
			buildSettings = {
				FRAMEWORK_SEARCH_PATHS = (
					"$(inherited)",
					"\"$(SRCROOT)\"",
				);
				GCC_PRECOMPILE_PREFIX_HEADER = YES;
				GCC_PREFIX_HEADER = "Chat/Chat-Prefix.pch";
				GCC_PREPROCESSOR_DEFINITIONS = (
					"$(inherited)",
					"RUN_KIF_TESTS=1",
				);
				HEADER_SEARCH_PATHS = (
					"$(SRCROOT)/Frameworks/KIF/**",
					"$(inherited)",
				);
				INFOPLIST_FILE = "Chat copy-Info.plist";
				OTHER_LDFLAGS = (
					"-all_load",
					"-ObjC",
					"$(inherited)",
				);
				PRODUCT_NAME = "Chat IntegrationTests";
				WRAPPER_EXTENSION = app;
			};
			name = Release;
		};
/* End XCBuildConfiguration section */

/* Begin XCConfigurationList section */
		2B0017E5161E840C0087BB25 /* Build configuration list for PBXProject "Chat" */ = {
			isa = XCConfigurationList;
			buildConfigurations = (
				2B00180D161E840C0087BB25 /* Debug */,
				2B00180E161E840C0087BB25 /* Release */,
			);
			defaultConfigurationIsVisible = 0;
			defaultConfigurationName = Release;
		};
		2B00180F161E840C0087BB25 /* Build configuration list for PBXNativeTarget "Chat" */ = {
			isa = XCConfigurationList;
			buildConfigurations = (
				2B001810161E840C0087BB25 /* Debug */,
				2B001811161E840C0087BB25 /* Release */,
			);
			defaultConfigurationIsVisible = 0;
			defaultConfigurationName = Release;
		};
		2B00182D161E84240087BB25 /* Build configuration list for PBXNativeTarget "Chat UnitTests" */ = {
			isa = XCConfigurationList;
			buildConfigurations = (
				2B00182E161E84240087BB25 /* Debug */,
				2B00182F161E84240087BB25 /* Release */,
			);
			defaultConfigurationIsVisible = 0;
			defaultConfigurationName = Release;
		};
		2B08F64B161EB7B10066AA15 /* Build configuration list for PBXNativeTarget "Chat IntegrationTests" */ = {
			isa = XCConfigurationList;
			buildConfigurations = (
				2B08F64C161EB7B10066AA15 /* Debug */,
				2B08F64D161EB7B10066AA15 /* Release */,
			);
			defaultConfigurationIsVisible = 0;
			defaultConfigurationName = Release;
		};
/* End XCConfigurationList section */
	};
	rootObject = 2B0017E2161E840C0087BB25 /* Project object */;
}
